{
  "name": "AmazedKids",
  "lockfileVersion": 2,
  "requires": true,
  "packages": {
    "": {
      "dependencies": {
        "@mantine/core": "^3.6.4"
      }
    },
    "node_modules/@babel/runtime": {
      "version": "7.16.7",
      "resolved": "http://odin.bitechsystems.co.za:4873/@babel%2fruntime/-/runtime-7.16.7.tgz",
      "integrity": "sha512-9E9FJowqAsytyOY6LG+1KuueckRL+aQW+mKvXRXnuFGyRAyepJPmEo9vgMfXUA6O9u3IeEdv9MAkppFcaQwogQ==",
      "license": "MIT",
      "dependencies": {
        "regenerator-runtime": "^0.13.4"
      },
      "engines": {
        "node": ">=6.9.0"
      }
    },
    "node_modules/@emotion/cache": {
      "version": "11.7.1",
      "resolved": "http://odin.bitechsystems.co.za:4873/@emotion%2fcache/-/cache-11.7.1.tgz",
      "integrity": "sha512-r65Zy4Iljb8oyjtLeCuBH8Qjiy107dOYC6SJq7g7GV5UCQWMObY4SJDPGFjiiVpPrOJ2hmJOoBiYTC7hwx9E2A==",
      "license": "MIT",
      "dependencies": {
        "@emotion/memoize": "^0.7.4",
        "@emotion/sheet": "^1.1.0",
        "@emotion/utils": "^1.0.0",
        "@emotion/weak-memoize": "^0.2.5",
        "stylis": "4.0.13"
      }
    },
    "node_modules/@emotion/hash": {
      "version": "0.8.0",
      "resolved": "http://odin.bitechsystems.co.za:4873/@emotion%2fhash/-/hash-0.8.0.tgz",
      "integrity": "sha512-kBJtf7PH6aWwZ6fka3zQ0p6SBYzx4fl1LoZXE2RrnYST9Xljm7WfKJrU4g/Xr3Beg72MLrp1AWNUmuYJTL7Cow==",
      "license": "MIT"
    },
    "node_modules/@emotion/memoize": {
      "version": "0.7.5",
      "resolved": "http://odin.bitechsystems.co.za:4873/@emotion%2fmemoize/-/memoize-0.7.5.tgz",
      "integrity": "sha512-igX9a37DR2ZPGYtV6suZ6whr8pTFtyHL3K/oLUotxpSVO2ASaprmAe2Dkq7tBo7CRY7MMDrAa9nuQP9/YG8FxQ==",
      "license": "MIT"
    },
    "node_modules/@emotion/react": {
      "version": "11.7.1",
      "resolved": "http://odin.bitechsystems.co.za:4873/@emotion%2freact/-/react-11.7.1.tgz",
      "integrity": "sha512-DV2Xe3yhkF1yT4uAUoJcYL1AmrnO5SVsdfvu+fBuS7IbByDeTVx9+wFmvx9Idzv7/78+9Mgx2Hcmr7Fex3tIyw==",
      "license": "MIT",
      "dependencies": {
        "@babel/runtime": "^7.13.10",
        "@emotion/cache": "^11.7.1",
        "@emotion/serialize": "^1.0.2",
        "@emotion/sheet": "^1.1.0",
        "@emotion/utils": "^1.0.0",
        "@emotion/weak-memoize": "^0.2.5",
        "hoist-non-react-statics": "^3.3.1"
      },
      "peerDependencies": {
        "@babel/core": "^7.0.0",
        "react": ">=16.8.0"
      },
      "peerDependenciesMeta": {
        "@babel/core": {
          "optional": true
        },
        "@types/react": {
          "optional": true
        }
      }
    },
    "node_modules/@emotion/serialize": {
      "version": "1.0.2",
      "resolved": "http://odin.bitechsystems.co.za:4873/@emotion%2fserialize/-/serialize-1.0.2.tgz",
      "integrity": "sha512-95MgNJ9+/ajxU7QIAruiOAdYNjxZX7G2mhgrtDWswA21VviYIRP1R5QilZ/bDY42xiKsaktP4egJb3QdYQZi1A==",
      "license": "MIT",
      "dependencies": {
        "@emotion/hash": "^0.8.0",
        "@emotion/memoize": "^0.7.4",
        "@emotion/unitless": "^0.7.5",
        "@emotion/utils": "^1.0.0",
        "csstype": "^3.0.2"
      }
    },
    "node_modules/@emotion/sheet": {
      "version": "1.1.0",
      "resolved": "http://odin.bitechsystems.co.za:4873/@emotion%2fsheet/-/sheet-1.1.0.tgz",
      "integrity": "sha512-u0AX4aSo25sMAygCuQTzS+HsImZFuS8llY8O7b9MDRzbJM0kVJlAz6KNDqcG7pOuQZJmj/8X/rAW+66kMnMW+g==",
      "license": "MIT"
    },
    "node_modules/@emotion/unitless": {
      "version": "0.7.5",
      "resolved": "http://odin.bitechsystems.co.za:4873/@emotion%2funitless/-/unitless-0.7.5.tgz",
      "integrity": "sha512-OWORNpfjMsSSUBVrRBVGECkhWcULOAJz9ZW8uK9qgxD+87M7jHRcvh/A96XXNhXTLmKcoYSQtBEX7lHMO7YRwg==",
      "license": "MIT"
    },
    "node_modules/@emotion/utils": {
      "version": "1.0.0",
      "resolved": "http://odin.bitechsystems.co.za:4873/@emotion%2futils/-/utils-1.0.0.tgz",
      "integrity": "sha512-mQC2b3XLDs6QCW+pDQDiyO/EdGZYOygE8s5N5rrzjSI4M3IejPE/JPndCBwRT9z982aqQNi6beWs1UeayrQxxA==",
      "license": "MIT"
    },
    "node_modules/@emotion/weak-memoize": {
      "version": "0.2.5",
      "resolved": "http://odin.bitechsystems.co.za:4873/@emotion%2fweak-memoize/-/weak-memoize-0.2.5.tgz",
      "integrity": "sha512-6U71C2Wp7r5XtFtQzYrW5iKFT67OixrSxjI4MptCHzdSVlgabczzqLe0ZSgnub/5Kp4hSbpDB1tMytZY9pwxxA==",
      "license": "MIT"
    },
    "node_modules/@mantine/core": {
      "version": "3.6.4",
      "resolved": "http://odin.bitechsystems.co.za:4873/@mantine%2fcore/-/core-3.6.4.tgz",
      "integrity": "sha512-xaKjaQL0kyzA2vLt9EuYjQ3OkjsJPUvoWcj5JGo2qykMdSNAcN4ql5cO/JMQRXG8VlEc82SO1ebO2HgGlB0X2Q==",
      "license": "MIT",
      "dependencies": {
        "@mantine/styles": "3.6.4",
        "@popperjs/core": "^2.9.3",
        "@radix-ui/react-scroll-area": "^0.1.1",
        "clsx": "^1.1.1",
        "react-popper": "^2.2.5",
        "react-textarea-autosize": "^8.3.2"
      },
      "peerDependencies": {
        "@mantine/hooks": "3.6.4",
        "react": ">=16.8.0",
        "react-dom": ">=16.8.0"
      }
    },
    "node_modules/@mantine/hooks": {
      "version": "3.6.4",
      "resolved": "http://odin.bitechsystems.co.za:4873/@mantine%2fhooks/-/hooks-3.6.4.tgz",
      "integrity": "sha512-sD8OJ7EBro/RspWb8kCDKNFDHzxdIgZg0bJa3OZ6py1Osg7eRX/yTequCLT2JdTJCEyUCo7TUAN0erBTlIYxbg==",
      "license": "MIT",
      "peer": true,
      "peerDependencies": {
        "react": ">=16.8.0"
      }
    },
    "node_modules/@mantine/styles": {
      "version": "3.6.4",
      "resolved": "http://odin.bitechsystems.co.za:4873/@mantine%2fstyles/-/styles-3.6.4.tgz",
      "integrity": "sha512-Zdg7AFBr1dewKUX86/0WbNmpsDWOkvBn7BzJ0aV+gQlKQspJdnVe4XisTes3pbnwp+c1D+pqUGxNNea1UHxxiA==",
      "license": "MIT",
      "dependencies": {
        "@emotion/cache": "^11.7.1",
        "@emotion/react": "^11.7.1",
        "@emotion/serialize": "^1.0.2",
        "@emotion/utils": "^1.0.0",
        "clsx": "^1.1.1",
        "csstype": "^3.0.9"
      },
      "peerDependencies": {
        "react": ">=16.8.0",
        "react-dom": ">=16.8.0"
      }
    },
    "node_modules/@popperjs/core": {
      "version": "2.11.2",
      "resolved": "http://odin.bitechsystems.co.za:4873/@popperjs%2fcore/-/core-2.11.2.tgz",
      "integrity": "sha512-92FRmppjjqz29VMJ2dn+xdyXZBrMlE42AV6Kq6BwjWV7CNUW1hs2FtxSNLQE+gJhaZ6AAmYuO9y8dshhcBl7vA==",
      "license": "MIT",
      "funding": {
        "type": "opencollective",
        "url": "https://opencollective.com/popperjs"
      }
    },
    "node_modules/@radix-ui/number": {
      "version": "0.1.0",
      "resolved": "http://odin.bitechsystems.co.za:4873/@radix-ui%2fnumber/-/number-0.1.0.tgz",
      "integrity": "sha512-rpf6QiOWLHAkM4FEMYu9i+5Jr8cKT893+R4mPpcdsy4LD7omr9JfdOqj/h/xPA5+EcVrpMMlU6rrRYpUB5UI8g==",
      "license": "MIT",
      "dependencies": {
        "@babel/runtime": "^7.13.10"
      }
    },
    "node_modules/@radix-ui/primitive": {
      "version": "0.1.0",
      "resolved": "http://odin.bitechsystems.co.za:4873/@radix-ui%2fprimitive/-/primitive-0.1.0.tgz",
      "integrity": "sha512-tqxZKybwN5Fa3VzZry4G6mXAAb9aAqKmPtnVbZpL0vsBwvOHTBwsjHVPXylocYLwEtBY9SCe665bYnNB515uoA==",
      "license": "MIT",
      "dependencies": {
        "@babel/runtime": "^7.13.10"
      }
    },
    "node_modules/@radix-ui/react-compose-refs": {
      "version": "0.1.0",
      "resolved": "http://odin.bitechsystems.co.za:4873/@radix-ui%2freact-compose-refs/-/react-compose-refs-0.1.0.tgz",
      "integrity": "sha512-eyclbh+b77k+69Dk72q3694OHrn9B3QsoIRx7ywX341U9RK1ThgQjMFZoPtmZNQTksXHLNEiefR8hGVeFyInGg==",
      "license": "MIT",
      "dependencies": {
        "@babel/runtime": "^7.13.10"
      },
      "peerDependencies": {
        "react": "^16.8 || ^17.0"
      }
    },
    "node_modules/@radix-ui/react-context": {
      "version": "0.1.1",
      "resolved": "http://odin.bitechsystems.co.za:4873/@radix-ui%2freact-context/-/react-context-0.1.1.tgz",
      "integrity": "sha512-PkyVX1JsLBioeu0jB9WvRpDBBLtLZohVDT3BB5CTSJqActma8S8030P57mWZb4baZifMvN7KKWPAA40UmWKkQg==",
      "license": "MIT",
      "dependencies": {
        "@babel/runtime": "^7.13.10"
      },
      "peerDependencies": {
        "react": "^16.8 || ^17.0"
      }
    },
    "node_modules/@radix-ui/react-presence": {
      "version": "0.1.1",
      "resolved": "http://odin.bitechsystems.co.za:4873/@radix-ui%2freact-presence/-/react-presence-0.1.1.tgz",
      "integrity": "sha512-LsL+NcWDpFUAYCmXeH02o4pgqcSLpwxP84UIjCtpIKrsPe2vLuhcp79KC/jZJeXz+of2lUpMAxpM+eCpxFZtlg==",
      "license": "MIT",
      "dependencies": {
        "@babel/runtime": "^7.13.10",
        "@radix-ui/react-compose-refs": "0.1.0",
        "@radix-ui/react-use-layout-effect": "0.1.0"
      },
      "peerDependencies": {
        "react": ">=16.8"
      }
    },
    "node_modules/@radix-ui/react-primitive": {
      "version": "0.1.3",
      "resolved": "http://odin.bitechsystems.co.za:4873/@radix-ui%2freact-primitive/-/react-primitive-0.1.3.tgz",
      "integrity": "sha512-fcyADaaAx2jdqEDLsTs6aX50S3L1c9K9CC6XMpJpuXFJCU4n9PGTFDZRtY2gAoXXoRCPIBsklCopSmGb6SsDjQ==",
      "license": "MIT",
      "dependencies": {
        "@babel/runtime": "^7.13.10",
        "@radix-ui/react-slot": "0.1.2"
      },
      "peerDependencies": {
        "react": "^16.8 || ^17.0"
      }
    },
    "node_modules/@radix-ui/react-scroll-area": {
      "version": "0.1.3",
      "resolved": "http://odin.bitechsystems.co.za:4873/@radix-ui%2freact-scroll-area/-/react-scroll-area-0.1.3.tgz",
      "integrity": "sha512-wn5FdX5pU8N6ygqIad4clrhyiLo3LWCdscIee2nKe2bu7AijtUs/VAqmLEoDLIi2gpkS5RclxHbiHRkaxVvccw==",
      "license": "MIT",
      "dependencies": {
        "@babel/runtime": "^7.13.10",
        "@radix-ui/number": "0.1.0",
        "@radix-ui/primitive": "0.1.0",
        "@radix-ui/react-compose-refs": "0.1.0",
        "@radix-ui/react-context": "0.1.1",
        "@radix-ui/react-presence": "0.1.1",
        "@radix-ui/react-primitive": "0.1.3",
        "@radix-ui/react-use-callback-ref": "0.1.0",
        "@radix-ui/react-use-direction": "0.1.0",
        "@radix-ui/react-use-layout-effect": "0.1.0"
      },
      "peerDependencies": {
        "react": "^16.8 || ^17.0"
      }
    },
    "node_modules/@radix-ui/react-slot": {
      "version": "0.1.2",
      "resolved": "http://odin.bitechsystems.co.za:4873/@radix-ui%2freact-slot/-/react-slot-0.1.2.tgz",
      "integrity": "sha512-ADkqfL+agEzEguU3yS26jfB50hRrwf7U4VTwAOZEmi/g+ITcBWe12yM46ueS/UCIMI9Py+gFUaAdxgxafFvY2Q==",
      "license": "MIT",
      "dependencies": {
        "@babel/runtime": "^7.13.10",
        "@radix-ui/react-compose-refs": "0.1.0"
      },
      "peerDependencies": {
        "react": "^16.8 || ^17.0"
      }
    },
    "node_modules/@radix-ui/react-use-callback-ref": {
      "version": "0.1.0",
      "resolved": "http://odin.bitechsystems.co.za:4873/@radix-ui%2freact-use-callback-ref/-/react-use-callback-ref-0.1.0.tgz",
      "integrity": "sha512-Va041McOFFl+aV+sejvl0BS2aeHx86ND9X/rVFmEFQKTXCp6xgUK0NGUAGcgBlIjnJSbMYPGEk1xKSSlVcN2Aw==",
      "license": "MIT",
      "dependencies": {
        "@babel/runtime": "^7.13.10"
      },
      "peerDependencies": {
        "react": "^16.8 || ^17.0"
      }
    },
    "node_modules/@radix-ui/react-use-direction": {
      "version": "0.1.0",
      "resolved": "http://odin.bitechsystems.co.za:4873/@radix-ui%2freact-use-direction/-/react-use-direction-0.1.0.tgz",
      "integrity": "sha512-NajpY/An9TCPSfOVkgWIdXJV+VuWl67PxB6kOKYmtNAFHvObzIoh8o0n9sAuwSAyFCZVq211FEf9gvVDRhOyiA==",
      "license": "MIT",
      "dependencies": {
        "@babel/runtime": "^7.13.10"
      },
      "peerDependencies": {
        "react": "^16.8 || ^17.0"
      }
    },
    "node_modules/@radix-ui/react-use-layout-effect": {
      "version": "0.1.0",
      "resolved": "http://odin.bitechsystems.co.za:4873/@radix-ui%2freact-use-layout-effect/-/react-use-layout-effect-0.1.0.tgz",
      "integrity": "sha512-+wdeS51Y+E1q1Wmd+1xSSbesZkpVj4jsg0BojCbopWvgq5iBvixw5vgemscdh58ep98BwUbsFYnrywFhV9yrVg==",
      "license": "MIT",
      "dependencies": {
        "@babel/runtime": "^7.13.10"
      },
      "peerDependencies": {
        "react": "^16.8 || ^17.0"
      }
    },
    "node_modules/clsx": {
      "version": "1.1.1",
      "resolved": "http://odin.bitechsystems.co.za:4873/clsx/-/clsx-1.1.1.tgz",
      "integrity": "sha512-6/bPho624p3S2pMyvP5kKBPXnI3ufHLObBFCfgx+LkeR5lg2XYy2hqZqUf45ypD8COn2bhgGJSUE+l5dhNBieA==",
      "license": "MIT",
      "engines": {
        "node": ">=6"
      }
    },
    "node_modules/csstype": {
      "version": "3.0.10",
      "resolved": "http://odin.bitechsystems.co.za:4873/csstype/-/csstype-3.0.10.tgz",
      "integrity": "sha512-2u44ZG2OcNUO9HDp/Jl8C07x6pU/eTR3ncV91SiK3dhG9TWvRVsCoJw14Ckx5DgWkzGA3waZWO3d7pgqpUI/XA==",
      "license": "MIT"
    },
    "node_modules/hoist-non-react-statics": {
      "version": "3.3.2",
      "resolved": "http://odin.bitechsystems.co.za:4873/hoist-non-react-statics/-/hoist-non-react-statics-3.3.2.tgz",
      "integrity": "sha512-/gGivxi8JPKWNm/W0jSmzcMPpfpPLc3dY/6GxhX2hQ9iGj3aDfklV4ET7NjKpSinLpJ5vafa9iiGIEZg10SfBw==",
      "license": "BSD-3-Clause",
      "dependencies": {
        "react-is": "^16.7.0"
      }
    },
    "node_modules/js-tokens": {
      "version": "4.0.0",
      "resolved": "http://odin.bitechsystems.co.za:4873/js-tokens/-/js-tokens-4.0.0.tgz",
      "integrity": "sha512-RdJUflcE3cUzKiMqQgsCu06FPu9UdIJO0beYbPhHN4k6apgJtifcoCtT9bcxOpYBtpD2kCM6Sbzg4CausW/PKQ==",
      "license": "MIT"
    },
    "node_modules/loose-envify": {
      "version": "1.4.0",
      "resolved": "http://odin.bitechsystems.co.za:4873/loose-envify/-/loose-envify-1.4.0.tgz",
      "integrity": "sha512-lyuxPGr/Wfhrlem2CL/UcnUc1zcqKAImBDzukY7Y5F/yQiNdko6+fRLevlw1HgMySw7f611UIY408EtxRSoK3Q==",
      "license": "MIT",
      "dependencies": {
        "js-tokens": "^3.0.0 || ^4.0.0"
      },
      "bin": {
        "loose-envify": "cli.js"
      }
    },
    "node_modules/object-assign": {
      "version": "4.1.1",
      "resolved": "http://odin.bitechsystems.co.za:4873/object-assign/-/object-assign-4.1.1.tgz",
      "integrity": "sha1-IQmtx5ZYh8/AXLvUQsrIv7s2CGM=",
      "license": "MIT",
      "peer": true,
      "engines": {
        "node": ">=0.10.0"
      }
    },
    "node_modules/react": {
      "version": "17.0.2",
      "resolved": "http://odin.bitechsystems.co.za:4873/react/-/react-17.0.2.tgz",
      "integrity": "sha512-gnhPt75i/dq/z3/6q/0asP78D0u592D5L1pd7M8P+dck6Fu/jJeL6iVVK23fptSUZj8Vjf++7wXA8UNclGQcbA==",
      "license": "MIT",
      "peer": true,
      "dependencies": {
        "loose-envify": "^1.1.0",
        "object-assign": "^4.1.1"
      },
      "engines": {
        "node": ">=0.10.0"
      }
    },
    "node_modules/react-dom": {
      "version": "17.0.2",
      "resolved": "http://odin.bitechsystems.co.za:4873/react-dom/-/react-dom-17.0.2.tgz",
      "integrity": "sha512-s4h96KtLDUQlsENhMn1ar8t2bEa+q/YAtj8pPPdIjPDGBDIVNsrD9aXNWqspUe6AzKCIG0C1HZZLqLV7qpOBGA==",
      "license": "MIT",
      "peer": true,
      "dependencies": {
        "loose-envify": "^1.1.0",
        "object-assign": "^4.1.1",
        "scheduler": "^0.20.2"
      },
      "peerDependencies": {
        "react": "17.0.2"
      }
    },
    "node_modules/react-fast-compare": {
      "version": "3.2.0",
      "resolved": "http://odin.bitechsystems.co.za:4873/react-fast-compare/-/react-fast-compare-3.2.0.tgz",
      "integrity": "sha512-rtGImPZ0YyLrscKI9xTpV8psd6I8VAtjKCzQDlzyDvqJA8XOW78TXYQwNRNd8g8JZnDu8q9Fu/1v4HPAVwVdHA==",
      "license": "MIT"
    },
    "node_modules/react-is": {
      "version": "16.13.1",
      "resolved": "http://odin.bitechsystems.co.za:4873/react-is/-/react-is-16.13.1.tgz",
      "integrity": "sha512-24e6ynE2H+OKt4kqsOvNd8kBpV65zoxbA4BVsEOB3ARVWQki/DHzaUoC5KuON/BiccDaCCTZBuOcfZs70kR8bQ==",
      "license": "MIT"
    },
    "node_modules/react-popper": {
      "version": "2.2.5",
      "resolved": "http://odin.bitechsystems.co.za:4873/react-popper/-/react-popper-2.2.5.tgz",
      "integrity": "sha512-kxGkS80eQGtLl18+uig1UIf9MKixFSyPxglsgLBxlYnyDf65BiY9B3nZSc6C9XUNDgStROB0fMQlTEz1KxGddw==",
      "license": "MIT",
      "dependencies": {
        "react-fast-compare": "^3.0.1",
        "warning": "^4.0.2"
      },
      "peerDependencies": {
        "@popperjs/core": "^2.0.0",
        "react": "^16.8.0 || ^17"
      }
    },
    "node_modules/react-textarea-autosize": {
      "version": "8.3.3",
      "resolved": "http://odin.bitechsystems.co.za:4873/react-textarea-autosize/-/react-textarea-autosize-8.3.3.tgz",
      "integrity": "sha512-2XlHXK2TDxS6vbQaoPbMOfQ8GK7+irc2fVK6QFIcC8GOnH3zI/v481n+j1L0WaPVvKxwesnY93fEfH++sus2rQ==",
      "license": "MIT",
      "dependencies": {
        "@babel/runtime": "^7.10.2",
        "use-composed-ref": "^1.0.0",
        "use-latest": "^1.0.0"
      },
      "engines": {
        "node": ">=10"
      },
      "peerDependencies": {
        "react": "^16.8.0 || ^17.0.0"
      }
    },
    "node_modules/regenerator-runtime": {
      "version": "0.13.9",
      "resolved": "http://odin.bitechsystems.co.za:4873/regenerator-runtime/-/regenerator-runtime-0.13.9.tgz",
      "integrity": "sha512-p3VT+cOEgxFsRRA9X4lkI1E+k2/CtnKtU4gcxyaCUreilL/vqI6CdZ3wxVUx3UOUg+gnUOQQcRI7BmSI656MYA==",
      "license": "MIT"
    },
    "node_modules/scheduler": {
      "version": "0.20.2",
      "resolved": "http://odin.bitechsystems.co.za:4873/scheduler/-/scheduler-0.20.2.tgz",
      "integrity": "sha512-2eWfGgAqqWFGqtdMmcL5zCMK1U8KlXv8SQFGglL3CEtd0aDVDWgeF/YoCmvln55m5zSk3J/20hTaSBeSObsQDQ==",
      "license": "MIT",
      "peer": true,
      "dependencies": {
        "loose-envify": "^1.1.0",
        "object-assign": "^4.1.1"
      }
    },
    "node_modules/stylis": {
      "version": "4.0.13",
      "resolved": "http://odin.bitechsystems.co.za:4873/stylis/-/stylis-4.0.13.tgz",
      "integrity": "sha512-xGPXiFVl4YED9Jh7Euv2V220mriG9u4B2TA6Ybjc1catrstKD2PpIdU3U0RKpkVBC2EhmL/F0sPCr9vrFTNRag==",
      "license": "MIT"
    },
    "node_modules/use-composed-ref": {
      "version": "1.2.1",
      "resolved": "http://odin.bitechsystems.co.za:4873/use-composed-ref/-/use-composed-ref-1.2.1.tgz",
      "integrity": "sha512-6+X1FLlIcjvFMAeAD/hcxDT8tmyrWnbSPMU0EnxQuDLIxokuFzWliXBiYZuGIx+mrAMLBw0WFfCkaPw8ebzAhw==",
      "license": "MIT",
      "peerDependencies": {
        "react": "^16.8.0 || ^17.0.0"
      }
    },
    "node_modules/use-isomorphic-layout-effect": {
      "version": "1.1.1",
      "resolved": "http://odin.bitechsystems.co.za:4873/use-isomorphic-layout-effect/-/use-isomorphic-layout-effect-1.1.1.tgz",
      "integrity": "sha512-L7Evj8FGcwo/wpbv/qvSfrkHFtOpCzvM5yl2KVyDJoylVuSvzphiiasmjgQPttIGBAy2WKiBNR98q8w7PiNgKQ==",
      "license": "MIT",
      "peerDependencies": {
        "react": "^16.8.0 || ^17.0.0"
      },
      "peerDependenciesMeta": {
        "@types/react": {
          "optional": true
        }
      }
    },
    "node_modules/use-latest": {
      "version": "1.2.0",
      "resolved": "http://odin.bitechsystems.co.za:4873/use-latest/-/use-latest-1.2.0.tgz",
      "integrity": "sha512-d2TEuG6nSLKQLAfW3By8mKr8HurOlTkul0sOpxbClIv4SQ4iOd7BYr7VIzdbktUCnv7dua/60xzd8igMU6jmyw==",
      "license": "MIT",
      "dependencies": {
        "use-isomorphic-layout-effect": "^1.0.0"
      },
      "peerDependencies": {
        "react": "^16.8.0 || ^17.0.0"
      },
      "peerDependenciesMeta": {
        "@types/react": {
          "optional": true
        }
      }
    },
    "node_modules/warning": {
      "version": "4.0.3",
      "resolved": "http://odin.bitechsystems.co.za:4873/warning/-/warning-4.0.3.tgz",
      "integrity": "sha512-rpJyN222KWIvHJ/F53XSZv0Zl/accqHR8et1kpaMTD/fLCRxtV8iX8czMzY7sVZupTI3zcUTg8eycS2kNF9l6w==",
      "license": "MIT",
      "dependencies": {
        "loose-envify": "^1.0.0"
      }
    }
  },
  "dependencies": {
    "@babel/runtime": {
      "version": "7.16.7",
      "resolved": "http://odin.bitechsystems.co.za:4873/@babel%2fruntime/-/runtime-7.16.7.tgz",
      "integrity": "sha512-9E9FJowqAsytyOY6LG+1KuueckRL+aQW+mKvXRXnuFGyRAyepJPmEo9vgMfXUA6O9u3IeEdv9MAkppFcaQwogQ==",
      "requires": {
        "regenerator-runtime": "^0.13.4"
      }
    },
    "@emotion/cache": {
      "version": "11.7.1",
      "resolved": "http://odin.bitechsystems.co.za:4873/@emotion%2fcache/-/cache-11.7.1.tgz",
      "integrity": "sha512-r65Zy4Iljb8oyjtLeCuBH8Qjiy107dOYC6SJq7g7GV5UCQWMObY4SJDPGFjiiVpPrOJ2hmJOoBiYTC7hwx9E2A==",
      "requires": {
        "@emotion/memoize": "^0.7.4",
        "@emotion/sheet": "^1.1.0",
        "@emotion/utils": "^1.0.0",
        "@emotion/weak-memoize": "^0.2.5",
        "stylis": "4.0.13"
      }
    },
    "@emotion/hash": {
      "version": "0.8.0",
      "resolved": "http://odin.bitechsystems.co.za:4873/@emotion%2fhash/-/hash-0.8.0.tgz",
      "integrity": "sha512-kBJtf7PH6aWwZ6fka3zQ0p6SBYzx4fl1LoZXE2RrnYST9Xljm7WfKJrU4g/Xr3Beg72MLrp1AWNUmuYJTL7Cow=="
    },
    "@emotion/memoize": {
      "version": "0.7.5",
      "resolved": "http://odin.bitechsystems.co.za:4873/@emotion%2fmemoize/-/memoize-0.7.5.tgz",
      "integrity": "sha512-igX9a37DR2ZPGYtV6suZ6whr8pTFtyHL3K/oLUotxpSVO2ASaprmAe2Dkq7tBo7CRY7MMDrAa9nuQP9/YG8FxQ=="
    },
    "@emotion/react": {
      "version": "11.7.1",
      "resolved": "http://odin.bitechsystems.co.za:4873/@emotion%2freact/-/react-11.7.1.tgz",
      "integrity": "sha512-DV2Xe3yhkF1yT4uAUoJcYL1AmrnO5SVsdfvu+fBuS7IbByDeTVx9+wFmvx9Idzv7/78+9Mgx2Hcmr7Fex3tIyw==",
      "requires": {
        "@babel/runtime": "^7.13.10",
        "@emotion/cache": "^11.7.1",
        "@emotion/serialize": "^1.0.2",
        "@emotion/sheet": "^1.1.0",
        "@emotion/utils": "^1.0.0",
        "@emotion/weak-memoize": "^0.2.5",
        "hoist-non-react-statics": "^3.3.1"
      }
    },
    "@emotion/serialize": {
      "version": "1.0.2",
      "resolved": "http://odin.bitechsystems.co.za:4873/@emotion%2fserialize/-/serialize-1.0.2.tgz",
      "integrity": "sha512-95MgNJ9+/ajxU7QIAruiOAdYNjxZX7G2mhgrtDWswA21VviYIRP1R5QilZ/bDY42xiKsaktP4egJb3QdYQZi1A==",
      "requires": {
        "@emotion/hash": "^0.8.0",
        "@emotion/memoize": "^0.7.4",
        "@emotion/unitless": "^0.7.5",
        "@emotion/utils": "^1.0.0",
        "csstype": "^3.0.2"
      }
    },
    "@emotion/sheet": {
      "version": "1.1.0",
      "resolved": "http://odin.bitechsystems.co.za:4873/@emotion%2fsheet/-/sheet-1.1.0.tgz",
      "integrity": "sha512-u0AX4aSo25sMAygCuQTzS+HsImZFuS8llY8O7b9MDRzbJM0kVJlAz6KNDqcG7pOuQZJmj/8X/rAW+66kMnMW+g=="
    },
    "@emotion/unitless": {
      "version": "0.7.5",
      "resolved": "http://odin.bitechsystems.co.za:4873/@emotion%2funitless/-/unitless-0.7.5.tgz",
      "integrity": "sha512-OWORNpfjMsSSUBVrRBVGECkhWcULOAJz9ZW8uK9qgxD+87M7jHRcvh/A96XXNhXTLmKcoYSQtBEX7lHMO7YRwg=="
    },
    "@emotion/utils": {
      "version": "1.0.0",
      "resolved": "http://odin.bitechsystems.co.za:4873/@emotion%2futils/-/utils-1.0.0.tgz",
      "integrity": "sha512-mQC2b3XLDs6QCW+pDQDiyO/EdGZYOygE8s5N5rrzjSI4M3IejPE/JPndCBwRT9z982aqQNi6beWs1UeayrQxxA=="
    },
    "@emotion/weak-memoize": {
      "version": "0.2.5",
      "resolved": "http://odin.bitechsystems.co.za:4873/@emotion%2fweak-memoize/-/weak-memoize-0.2.5.tgz",
      "integrity": "sha512-6U71C2Wp7r5XtFtQzYrW5iKFT67OixrSxjI4MptCHzdSVlgabczzqLe0ZSgnub/5Kp4hSbpDB1tMytZY9pwxxA=="
    },
    "@mantine/core": {
      "version": "3.6.4",
      "resolved": "http://odin.bitechsystems.co.za:4873/@mantine%2fcore/-/core-3.6.4.tgz",
      "integrity": "sha512-xaKjaQL0kyzA2vLt9EuYjQ3OkjsJPUvoWcj5JGo2qykMdSNAcN4ql5cO/JMQRXG8VlEc82SO1ebO2HgGlB0X2Q==",
      "requires": {
        "@mantine/styles": "3.6.4",
        "@popperjs/core": "^2.9.3",
        "@radix-ui/react-scroll-area": "^0.1.1",
        "clsx": "^1.1.1",
        "react-popper": "^2.2.5",
        "react-textarea-autosize": "^8.3.2"
      }
    },
    "@mantine/hooks": {
      "version": "3.6.4",
      "resolved": "http://odin.bitechsystems.co.za:4873/@mantine%2fhooks/-/hooks-3.6.4.tgz",
      "integrity": "sha512-sD8OJ7EBro/RspWb8kCDKNFDHzxdIgZg0bJa3OZ6py1Osg7eRX/yTequCLT2JdTJCEyUCo7TUAN0erBTlIYxbg==",
      "peer": true,
      "requires": {}
    },
    "@mantine/styles": {
      "version": "3.6.4",
      "resolved": "http://odin.bitechsystems.co.za:4873/@mantine%2fstyles/-/styles-3.6.4.tgz",
      "integrity": "sha512-Zdg7AFBr1dewKUX86/0WbNmpsDWOkvBn7BzJ0aV+gQlKQspJdnVe4XisTes3pbnwp+c1D+pqUGxNNea1UHxxiA==",
      "requires": {
        "@emotion/cache": "^11.7.1",
        "@emotion/react": "^11.7.1",
        "@emotion/serialize": "^1.0.2",
        "@emotion/utils": "^1.0.0",
        "clsx": "^1.1.1",
        "csstype": "^3.0.9"
      }
    },
    "@popperjs/core": {
      "version": "2.11.2",
      "resolved": "http://odin.bitechsystems.co.za:4873/@popperjs%2fcore/-/core-2.11.2.tgz",
      "integrity": "sha512-92FRmppjjqz29VMJ2dn+xdyXZBrMlE42AV6Kq6BwjWV7CNUW1hs2FtxSNLQE+gJhaZ6AAmYuO9y8dshhcBl7vA=="
    },
    "@radix-ui/number": {
      "version": "0.1.0",
      "resolved": "http://odin.bitechsystems.co.za:4873/@radix-ui%2fnumber/-/number-0.1.0.tgz",
      "integrity": "sha512-rpf6QiOWLHAkM4FEMYu9i+5Jr8cKT893+R4mPpcdsy4LD7omr9JfdOqj/h/xPA5+EcVrpMMlU6rrRYpUB5UI8g==",
      "requires": {
        "@babel/runtime": "^7.13.10"
      }
    },
    "@radix-ui/primitive": {
      "version": "0.1.0",
      "resolved": "http://odin.bitechsystems.co.za:4873/@radix-ui%2fprimitive/-/primitive-0.1.0.tgz",
      "integrity": "sha512-tqxZKybwN5Fa3VzZry4G6mXAAb9aAqKmPtnVbZpL0vsBwvOHTBwsjHVPXylocYLwEtBY9SCe665bYnNB515uoA==",
      "requires": {
        "@babel/runtime": "^7.13.10"
      }
    },
    "@radix-ui/react-compose-refs": {
      "version": "0.1.0",
      "resolved": "http://odin.bitechsystems.co.za:4873/@radix-ui%2freact-compose-refs/-/react-compose-refs-0.1.0.tgz",
      "integrity": "sha512-eyclbh+b77k+69Dk72q3694OHrn9B3QsoIRx7ywX341U9RK1ThgQjMFZoPtmZNQTksXHLNEiefR8hGVeFyInGg==",
      "requires": {
        "@babel/runtime": "^7.13.10"
      }
    },
    "@radix-ui/react-context": {
      "version": "0.1.1",
      "resolved": "http://odin.bitechsystems.co.za:4873/@radix-ui%2freact-context/-/react-context-0.1.1.tgz",
      "integrity": "sha512-PkyVX1JsLBioeu0jB9WvRpDBBLtLZohVDT3BB5CTSJqActma8S8030P57mWZb4baZifMvN7KKWPAA40UmWKkQg==",
      "requires": {
        "@babel/runtime": "^7.13.10"
      }
    },
    "@radix-ui/react-presence": {
      "version": "0.1.1",
      "resolved": "http://odin.bitechsystems.co.za:4873/@radix-ui%2freact-presence/-/react-presence-0.1.1.tgz",
      "integrity": "sha512-LsL+NcWDpFUAYCmXeH02o4pgqcSLpwxP84UIjCtpIKrsPe2vLuhcp79KC/jZJeXz+of2lUpMAxpM+eCpxFZtlg==",
      "requires": {
        "@babel/runtime": "^7.13.10",
        "@radix-ui/react-compose-refs": "0.1.0",
        "@radix-ui/react-use-layout-effect": "0.1.0"
      }
    },
    "@radix-ui/react-primitive": {
      "version": "0.1.3",
      "resolved": "http://odin.bitechsystems.co.za:4873/@radix-ui%2freact-primitive/-/react-primitive-0.1.3.tgz",
      "integrity": "sha512-fcyADaaAx2jdqEDLsTs6aX50S3L1c9K9CC6XMpJpuXFJCU4n9PGTFDZRtY2gAoXXoRCPIBsklCopSmGb6SsDjQ==",
      "requires": {
        "@babel/runtime": "^7.13.10",
        "@radix-ui/react-slot": "0.1.2"
      }
    },
    "@radix-ui/react-scroll-area": {
      "version": "0.1.3",
      "resolved": "http://odin.bitechsystems.co.za:4873/@radix-ui%2freact-scroll-area/-/react-scroll-area-0.1.3.tgz",
      "integrity": "sha512-wn5FdX5pU8N6ygqIad4clrhyiLo3LWCdscIee2nKe2bu7AijtUs/VAqmLEoDLIi2gpkS5RclxHbiHRkaxVvccw==",
      "requires": {
        "@babel/runtime": "^7.13.10",
        "@radix-ui/number": "0.1.0",
        "@radix-ui/primitive": "0.1.0",
        "@radix-ui/react-compose-refs": "0.1.0",
        "@radix-ui/react-context": "0.1.1",
        "@radix-ui/react-presence": "0.1.1",
        "@radix-ui/react-primitive": "0.1.3",
        "@radix-ui/react-use-callback-ref": "0.1.0",
        "@radix-ui/react-use-direction": "0.1.0",
        "@radix-ui/react-use-layout-effect": "0.1.0"
      }
    },
    "@radix-ui/react-slot": {
      "version": "0.1.2",
      "resolved": "http://odin.bitechsystems.co.za:4873/@radix-ui%2freact-slot/-/react-slot-0.1.2.tgz",
      "integrity": "sha512-ADkqfL+agEzEguU3yS26jfB50hRrwf7U4VTwAOZEmi/g+ITcBWe12yM46ueS/UCIMI9Py+gFUaAdxgxafFvY2Q==",
      "requires": {
        "@babel/runtime": "^7.13.10",
        "@radix-ui/react-compose-refs": "0.1.0"
      }
    },
    "@radix-ui/react-use-callback-ref": {
      "version": "0.1.0",
      "resolved": "http://odin.bitechsystems.co.za:4873/@radix-ui%2freact-use-callback-ref/-/react-use-callback-ref-0.1.0.tgz",
      "integrity": "sha512-Va041McOFFl+aV+sejvl0BS2aeHx86ND9X/rVFmEFQKTXCp6xgUK0NGUAGcgBlIjnJSbMYPGEk1xKSSlVcN2Aw==",
      "requires": {
        "@babel/runtime": "^7.13.10"
      }
    },
    "@radix-ui/react-use-direction": {
      "version": "0.1.0",
      "resolved": "http://odin.bitechsystems.co.za:4873/@radix-ui%2freact-use-direction/-/react-use-direction-0.1.0.tgz",
      "integrity": "sha512-NajpY/An9TCPSfOVkgWIdXJV+VuWl67PxB6kOKYmtNAFHvObzIoh8o0n9sAuwSAyFCZVq211FEf9gvVDRhOyiA==",
      "requires": {
        "@babel/runtime": "^7.13.10"
      }
    },
    "@radix-ui/react-use-layout-effect": {
      "version": "0.1.0",
      "resolved": "http://odin.bitechsystems.co.za:4873/@radix-ui%2freact-use-layout-effect/-/react-use-layout-effect-0.1.0.tgz",
      "integrity": "sha512-+wdeS51Y+E1q1Wmd+1xSSbesZkpVj4jsg0BojCbopWvgq5iBvixw5vgemscdh58ep98BwUbsFYnrywFhV9yrVg==",
      "requires": {
        "@babel/runtime": "^7.13.10"
      }
    },
    "clsx": {
      "version": "1.1.1",
      "resolved": "http://odin.bitechsystems.co.za:4873/clsx/-/clsx-1.1.1.tgz",
      "integrity": "sha512-6/bPho624p3S2pMyvP5kKBPXnI3ufHLObBFCfgx+LkeR5lg2XYy2hqZqUf45ypD8COn2bhgGJSUE+l5dhNBieA=="
    },
    "csstype": {
      "version": "3.0.10",
      "resolved": "http://odin.bitechsystems.co.za:4873/csstype/-/csstype-3.0.10.tgz",
      "integrity": "sha512-2u44ZG2OcNUO9HDp/Jl8C07x6pU/eTR3ncV91SiK3dhG9TWvRVsCoJw14Ckx5DgWkzGA3waZWO3d7pgqpUI/XA=="
    },
    "hoist-non-react-statics": {
      "version": "3.3.2",
      "resolved": "http://odin.bitechsystems.co.za:4873/hoist-non-react-statics/-/hoist-non-react-statics-3.3.2.tgz",
      "integrity": "sha512-/gGivxi8JPKWNm/W0jSmzcMPpfpPLc3dY/6GxhX2hQ9iGj3aDfklV4ET7NjKpSinLpJ5vafa9iiGIEZg10SfBw==",
      "requires": {
        "react-is": "^16.7.0"
      }
    },
    "js-tokens": {
      "version": "4.0.0",
      "resolved": "http://odin.bitechsystems.co.za:4873/js-tokens/-/js-tokens-4.0.0.tgz",
      "integrity": "sha512-RdJUflcE3cUzKiMqQgsCu06FPu9UdIJO0beYbPhHN4k6apgJtifcoCtT9bcxOpYBtpD2kCM6Sbzg4CausW/PKQ=="
    },
    "loose-envify": {
      "version": "1.4.0",
      "resolved": "http://odin.bitechsystems.co.za:4873/loose-envify/-/loose-envify-1.4.0.tgz",
      "integrity": "sha512-lyuxPGr/Wfhrlem2CL/UcnUc1zcqKAImBDzukY7Y5F/yQiNdko6+fRLevlw1HgMySw7f611UIY408EtxRSoK3Q==",
      "requires": {
        "js-tokens": "^3.0.0 || ^4.0.0"
      }
    },
    "object-assign": {
      "version": "4.1.1",
      "resolved": "http://odin.bitechsystems.co.za:4873/object-assign/-/object-assign-4.1.1.tgz",
      "integrity": "sha1-IQmtx5ZYh8/AXLvUQsrIv7s2CGM=",
      "peer": true
    },
    "react": {
      "version": "17.0.2",
      "resolved": "http://odin.bitechsystems.co.za:4873/react/-/react-17.0.2.tgz",
      "integrity": "sha512-gnhPt75i/dq/z3/6q/0asP78D0u592D5L1pd7M8P+dck6Fu/jJeL6iVVK23fptSUZj8Vjf++7wXA8UNclGQcbA==",
      "peer": true,
      "requires": {
        "loose-envify": "^1.1.0",
        "object-assign": "^4.1.1"
      }
    },
    "react-dom": {
      "version": "17.0.2",
      "resolved": "http://odin.bitechsystems.co.za:4873/react-dom/-/react-dom-17.0.2.tgz",
      "integrity": "sha512-s4h96KtLDUQlsENhMn1ar8t2bEa+q/YAtj8pPPdIjPDGBDIVNsrD9aXNWqspUe6AzKCIG0C1HZZLqLV7qpOBGA==",
      "peer": true,
      "requires": {
        "loose-envify": "^1.1.0",
        "object-assign": "^4.1.1",
        "scheduler": "^0.20.2"
      }
    },
    "react-fast-compare": {
      "version": "3.2.0",
      "resolved": "http://odin.bitechsystems.co.za:4873/react-fast-compare/-/react-fast-compare-3.2.0.tgz",
      "integrity": "sha512-rtGImPZ0YyLrscKI9xTpV8psd6I8VAtjKCzQDlzyDvqJA8XOW78TXYQwNRNd8g8JZnDu8q9Fu/1v4HPAVwVdHA=="
    },
    "react-is": {
      "version": "16.13.1",
      "resolved": "http://odin.bitechsystems.co.za:4873/react-is/-/react-is-16.13.1.tgz",
      "integrity": "sha512-24e6ynE2H+OKt4kqsOvNd8kBpV65zoxbA4BVsEOB3ARVWQki/DHzaUoC5KuON/BiccDaCCTZBuOcfZs70kR8bQ=="
    },
    "react-popper": {
      "version": "2.2.5",
      "resolved": "http://odin.bitechsystems.co.za:4873/react-popper/-/react-popper-2.2.5.tgz",
      "integrity": "sha512-kxGkS80eQGtLl18+uig1UIf9MKixFSyPxglsgLBxlYnyDf65BiY9B3nZSc6C9XUNDgStROB0fMQlTEz1KxGddw==",
      "requires": {
        "react-fast-compare": "^3.0.1",
        "warning": "^4.0.2"
      }
    },
    "react-textarea-autosize": {
      "version": "8.3.3",
      "resolved": "http://odin.bitechsystems.co.za:4873/react-textarea-autosize/-/react-textarea-autosize-8.3.3.tgz",
      "integrity": "sha512-2XlHXK2TDxS6vbQaoPbMOfQ8GK7+irc2fVK6QFIcC8GOnH3zI/v481n+j1L0WaPVvKxwesnY93fEfH++sus2rQ==",
      "requires": {
        "@babel/runtime": "^7.10.2",
        "use-composed-ref": "^1.0.0",
        "use-latest": "^1.0.0"
      }
    },
    "regenerator-runtime": {
      "version": "0.13.9",
      "resolved": "http://odin.bitechsystems.co.za:4873/regenerator-runtime/-/regenerator-runtime-0.13.9.tgz",
      "integrity": "sha512-p3VT+cOEgxFsRRA9X4lkI1E+k2/CtnKtU4gcxyaCUreilL/vqI6CdZ3wxVUx3UOUg+gnUOQQcRI7BmSI656MYA=="
    },
    "scheduler": {
      "version": "0.20.2",
      "resolved": "http://odin.bitechsystems.co.za:4873/scheduler/-/scheduler-0.20.2.tgz",
      "integrity": "sha512-2eWfGgAqqWFGqtdMmcL5zCMK1U8KlXv8SQFGglL3CEtd0aDVDWgeF/YoCmvln55m5zSk3J/20hTaSBeSObsQDQ==",
      "peer": true,
      "requires": {
        "loose-envify": "^1.1.0",
        "object-assign": "^4.1.1"
      }
    },
    "stylis": {
      "version": "4.0.13",
      "resolved": "http://odin.bitechsystems.co.za:4873/stylis/-/stylis-4.0.13.tgz",
      "integrity": "sha512-xGPXiFVl4YED9Jh7Euv2V220mriG9u4B2TA6Ybjc1catrstKD2PpIdU3U0RKpkVBC2EhmL/F0sPCr9vrFTNRag=="
    },
    "use-composed-ref": {
      "version": "1.2.1",
      "resolved": "http://odin.bitechsystems.co.za:4873/use-composed-ref/-/use-composed-ref-1.2.1.tgz",
      "integrity": "sha512-6+X1FLlIcjvFMAeAD/hcxDT8tmyrWnbSPMU0EnxQuDLIxokuFzWliXBiYZuGIx+mrAMLBw0WFfCkaPw8ebzAhw==",
      "requires": {}
    },
    "use-isomorphic-layout-effect": {
      "version": "1.1.1",
      "resolved": "http://odin.bitechsystems.co.za:4873/use-isomorphic-layout-effect/-/use-isomorphic-layout-effect-1.1.1.tgz",
      "integrity": "sha512-L7Evj8FGcwo/wpbv/qvSfrkHFtOpCzvM5yl2KVyDJoylVuSvzphiiasmjgQPttIGBAy2WKiBNR98q8w7PiNgKQ==",
      "requires": {}
    },
    "use-latest": {
      "version": "1.2.0",
      "resolved": "http://odin.bitechsystems.co.za:4873/use-latest/-/use-latest-1.2.0.tgz",
      "integrity": "sha512-d2TEuG6nSLKQLAfW3By8mKr8HurOlTkul0sOpxbClIv4SQ4iOd7BYr7VIzdbktUCnv7dua/60xzd8igMU6jmyw==",
      "requires": {
        "use-isomorphic-layout-effect": "^1.0.0"
      }
    },
    "warning": {
      "version": "4.0.3",
      "resolved": "http://odin.bitechsystems.co.za:4873/warning/-/warning-4.0.3.tgz",
      "integrity": "sha512-rpJyN222KWIvHJ/F53XSZv0Zl/accqHR8et1kpaMTD/fLCRxtV8iX8czMzY7sVZupTI3zcUTg8eycS2kNF9l6w==",
      "requires": {
        "loose-envify": "^1.0.0"
      }
    }
  }
}
